
Microsoft Visual Studio Solution File, Format Version 12.00
# Visual Studio Version 17
VisualStudioVersion = 17.8.34408.163
MinimumVisualStudioVersion = 10.0.40219.1
Project("{FAE04EC0-301F-11D3-BF4B-00C04F79EFBC}") = "CarAppPC", "CarAppPC\CarAppPC.csproj", "{B94E35CA-631F-4E5F-A17E-CDEE8950E8CA}"
EndProject
Global
	GlobalSection(SolutionConfigurationPlatforms) = preSolution
		Debug|Any CPU = Debug|Any CPU
		Release|Any CPU = Release|Any CPU
	EndGlobalSection
	GlobalSection(ProjectConfigurationPlatforms) = postSolution
		{B94E35CA-631F-4E5F-A17E-CDEE8950E8CA}.Debug|Any CPU.ActiveCfg = Debug|Any CPU
		{B94E35CA-631F-4E5F-A17E-CDEE8950E8CA}.Debug|Any CPU.Build.0 = Debug|Any CPU
		{B94E35CA-631F-4E5F-A17E-CDEE8950E8CA}.Release|Any CPU.ActiveCfg = Release|Any CPU
		{B94E35CA-631F-4E5F-A17E-CDEE8950E8CA}.Release|Any CPU.Build.0 = Release|Any CPU
	EndGlobalSection
	GlobalSection(SolutionProperties) = preSolution
		HideSolutionNode = FALSE
	EndGlobalSection
	GlobalSection(ExtensibilityGlobals) = postSolution
		SolutionGuid = {79E115A4-94EE-4A53-B58D-34CA92F72D33}
	EndGlobalSection
EndGlobal
